// !$*UTF8*$!
{
	archiveVersion = 1;
	classes = {
	};
	objectVersion = 50;
	objects = {

/* Begin PBXBuildFile section */
		FF53FF2B243C3E92007BE3FE /* AppDelegate.swift in Sources */ = {isa = PBXBuildFile; fileRef = FF53FF2A243C3E92007BE3FE /* AppDelegate.swift */; };
		FF53FF2D243C3E92007BE3FE /* SceneDelegate.swift in Sources */ = {isa = PBXBuildFile; fileRef = FF53FF2C243C3E92007BE3FE /* SceneDelegate.swift */; };
		FF53FF2F243C3E92007BE3FE /* QuizPickerViewController.swift in Sources */ = {isa = PBXBuildFile; fileRef = FF53FF2E243C3E92007BE3FE /* QuizPickerViewController.swift */; };
		FF53FF32243C3E92007BE3FE /* Main.storyboard in Resources */ = {isa = PBXBuildFile; fileRef = FF53FF30243C3E92007BE3FE /* Main.storyboard */; };
		FF53FF34243C3E95007BE3FE /* Assets.xcassets in Resources */ = {isa = PBXBuildFile; fileRef = FF53FF33243C3E95007BE3FE /* Assets.xcassets */; };
		FF53FF37243C3E95007BE3FE /* LaunchScreen.storyboard in Resources */ = {isa = PBXBuildFile; fileRef = FF53FF35243C3E95007BE3FE /* LaunchScreen.storyboard */; };
		FF69B7EC243CA20B005A1A15 /* QuestionViewController.swift in Sources */ = {isa = PBXBuildFile; fileRef = FF69B7EB243CA20B005A1A15 /* QuestionViewController.swift */; };
		FF69B7EE243CA28F005A1A15 /* QuizData.swift in Sources */ = {isa = PBXBuildFile; fileRef = FF69B7ED243CA28F005A1A15 /* QuizData.swift */; };
		FF7CA1BC244096DE00D853A6 /* MovieNight.swift in Sources */ = {isa = PBXBuildFile; fileRef = FF7CA1BB244096DE00D853A6 /* MovieNight.swift */; };
		FF7CA1BE2440A9E800D853A6 /* ResultsViewController.swift in Sources */ = {isa = PBXBuildFile; fileRef = FF7CA1BD2440A9E800D853A6 /* ResultsViewController.swift */; };
		FF7CA1E1244C782C00D853A6 /* GameOfThrones.swift in Sources */ = {isa = PBXBuildFile; fileRef = FF7CA1E0244C782C00D853A6 /* GameOfThrones.swift */; };
/* End PBXBuildFile section */

/* Begin PBXFileReference section */
		FF53FF27243C3E92007BE3FE /* TV Quiz.app */ = {isa = PBXFileReference; explicitFileType = wrapper.application; includeInIndex = 0; path = "TV Quiz.app"; sourceTree = BUILT_PRODUCTS_DIR; };
		FF53FF2A243C3E92007BE3FE /* AppDelegate.swift */ = {isa = PBXFileReference; lastKnownFileType = sourcecode.swift; path = AppDelegate.swift; sourceTree = "<group>"; };
		FF53FF2C243C3E92007BE3FE /* SceneDelegate.swift */ = {isa = PBXFileReference; lastKnownFileType = sourcecode.swift; path = SceneDelegate.swift; sourceTree = "<group>"; };
		FF53FF2E243C3E92007BE3FE /* QuizPickerViewController.swift */ = {isa = PBXFileReference; lastKnownFileType = sourcecode.swift; path = QuizPickerViewController.swift; sourceTree = "<group>"; };
		FF53FF31243C3E92007BE3FE /* Base */ = {isa = PBXFileReference; lastKnownFileType = file.storyboard; name = Base; path = Base.lproj/Main.storyboard; sourceTree = "<group>"; };
		FF53FF33243C3E95007BE3FE /* Assets.xcassets */ = {isa = PBXFileReference; lastKnownFileType = folder.assetcatalog; path = Assets.xcassets; sourceTree = "<group>"; };
		FF53FF36243C3E95007BE3FE /* Base */ = {isa = PBXFileReference; lastKnownFileType = file.storyboard; name = Base; path = Base.lproj/LaunchScreen.storyboard; sourceTree = "<group>"; };
		FF53FF38243C3E95007BE3FE /* Info.plist */ = {isa = PBXFileReference; lastKnownFileType = text.plist.xml; path = Info.plist; sourceTree = "<group>"; };
		FF69B7EB243CA20B005A1A15 /* QuestionViewController.swift */ = {isa = PBXFileReference; lastKnownFileType = sourcecode.swift; path = QuestionViewController.swift; sourceTree = "<group>"; };
		FF69B7ED243CA28F005A1A15 /* QuizData.swift */ = {isa = PBXFileReference; lastKnownFileType = sourcecode.swift; path = QuizData.swift; sourceTree = "<group>"; };
		FF7CA1BB244096DE00D853A6 /* MovieNight.swift */ = {isa = PBXFileReference; lastKnownFileType = sourcecode.swift; path = MovieNight.swift; sourceTree = "<group>"; };
		FF7CA1BD2440A9E800D853A6 /* ResultsViewController.swift */ = {isa = PBXFileReference; lastKnownFileType = sourcecode.swift; path = ResultsViewController.swift; sourceTree = "<group>"; };
		FF7CA1E0244C782C00D853A6 /* GameOfThrones.swift */ = {isa = PBXFileReference; lastKnownFileType = sourcecode.swift; path = GameOfThrones.swift; sourceTree = "<group>"; };
/* End PBXFileReference section */

/* Begin PBXFrameworksBuildPhase section */
		FF53FF24243C3E92007BE3FE /* Frameworks */ = {
			isa = PBXFrameworksBuildPhase;
			buildActionMask = 2147483647;
			files = (
			);
			runOnlyForDeploymentPostprocessing = 0;
		};
/* End PBXFrameworksBuildPhase section */

/* Begin PBXGroup section */
		FF53FF1E243C3E92007BE3FE = {
			isa = PBXGroup;
			children = (
				FF53FF29243C3E92007BE3FE /* multiple-choice-quiz */,
				FF53FF28243C3E92007BE3FE /* Products */,
			);
			sourceTree = "<group>";
		};
		FF53FF28243C3E92007BE3FE /* Products */ = {
			isa = PBXGroup;
			children = (
				FF53FF27243C3E92007BE3FE /* TV Quiz.app */,
			);
			name = Products;
			sourceTree = "<group>";
		};
		FF53FF29243C3E92007BE3FE /* multiple-choice-quiz */ = {
			isa = PBXGroup;
			children = (
				FF53FF2A243C3E92007BE3FE /* AppDelegate.swift */,
				FF53FF2C243C3E92007BE3FE /* SceneDelegate.swift */,
				FF53FF2E243C3E92007BE3FE /* QuizPickerViewController.swift */,
				FF69B7EB243CA20B005A1A15 /* QuestionViewController.swift */,
				FF7CA1BD2440A9E800D853A6 /* ResultsViewController.swift */,
				FF53FF30243C3E92007BE3FE /* Main.storyboard */,
				FF53FF35243C3E95007BE3FE /* LaunchScreen.storyboard */,
				FF69B7ED243CA28F005A1A15 /* QuizData.swift */,
				FF53FF33243C3E95007BE3FE /* Assets.xcassets */,
				FF69B7F1243F4D15005A1A15 /* Quizzes */,
				FF53FF38243C3E95007BE3FE /* Info.plist */,
			);
			path = "multiple-choice-quiz";
			sourceTree = "<group>";
		};
		FF69B7F1243F4D15005A1A15 /* Quizzes */ = {
			isa = PBXGroup;
			children = (
				FF7CA1BB244096DE00D853A6 /* MovieNight.swift */,
				FF7CA1E0244C782C00D853A6 /* GameOfThrones.swift */,
			);
			path = Quizzes;
			sourceTree = "<group>";
		};
/* End PBXGroup section */

/* Begin PBXNativeTarget section */
		FF53FF26243C3E92007BE3FE /* multiple-choice-quiz */ = {
			isa = PBXNativeTarget;
			buildConfigurationList = FF53FF3B243C3E95007BE3FE /* Build configuration list for PBXNativeTarget "multiple-choice-quiz" */;
			buildPhases = (
				FF53FF23243C3E92007BE3FE /* Sources */,
				FF53FF24243C3E92007BE3FE /* Frameworks */,
				FF53FF25243C3E92007BE3FE /* Resources */,
			);
			buildRules = (
			);
			dependencies = (
			);
			name = "multiple-choice-quiz";
			productName = "multiple-choice-quiz";
			productReference = FF53FF27243C3E92007BE3FE /* TV Quiz.app */;
			productType = "com.apple.product-type.application";
		};
/* End PBXNativeTarget section */

/* Begin PBXProject section */
		FF53FF1F243C3E92007BE3FE /* Project object */ = {
			isa = PBXProject;
			attributes = {
				LastSwiftUpdateCheck = 1130;
				LastUpgradeCheck = 1130;
				ORGANIZATIONNAME = "Joh Robbins";
				TargetAttributes = {
					FF53FF26243C3E92007BE3FE = {
						CreatedOnToolsVersion = 11.3.1;
					};
				};
			};
			buildConfigurationList = FF53FF22243C3E92007BE3FE /* Build configuration list for PBXProject "multiple-choice-quiz" */;
			compatibilityVersion = "Xcode 9.3";
			developmentRegion = en;
			hasScannedForEncodings = 0;
			knownRegions = (
				en,
				Base,
			);
			mainGroup = FF53FF1E243C3E92007BE3FE;
			productRefGroup = FF53FF28243C3E92007BE3FE /* Products */;
			projectDirPath = "";
			projectRoot = "";
			targets = (
				FF53FF26243C3E92007BE3FE /* multiple-choice-quiz */,
			);
		};
/* End PBXProject section */

/* Begin PBXResourcesBuildPhase section */
		FF53FF25243C3E92007BE3FE /* Resources */ = {
			isa = PBXResourcesBuildPhase;
			buildActionMask = 2147483647;
			files = (
				FF53FF37243C3E95007BE3FE /* LaunchScreen.storyboard in Resources */,
				FF53FF34243C3E95007BE3FE /* Assets.xcassets in Resources */,
				FF53FF32243C3E92007BE3FE /* Main.storyboard in Resources */,
			);
			runOnlyForDeploymentPostprocessing = 0;
		};
/* End PBXResourcesBuildPhase section */

/* Begin PBXSourcesBuildPhase section */
		FF53FF23243C3E92007BE3FE /* Sources */ = {
			isa = PBXSourcesBuildPhase;
			buildActionMask = 2147483647;
			files = (
				FF7CA1BC244096DE00D853A6 /* MovieNight.swift in Sources */,
				FF53FF2F243C3E92007BE3FE /* QuizPickerViewController.swift in Sources */,
				FF53FF2B243C3E92007BE3FE /* AppDelegate.swift in Sources */,
				FF69B7EE243CA28F005A1A15 /* QuizData.swift in Sources */,
				FF69B7EC243CA20B005A1A15 /* QuestionViewController.swift in Sources */,
				FF53FF2D243C3E92007BE3FE /* SceneDelegate.swift in Sources */,
				FF7CA1BE2440A9E800D853A6 /* ResultsViewController.swift in Sources */,
				FF7CA1E1244C782C00D853A6 /* GameOfThrones.swift in Sources */,
			);
			runOnlyForDeploymentPostprocessing = 0;
		};
/* End PBXSourcesBuildPhase section */

/* Begin PBXVariantGroup section */
		FF53FF30243C3E92007BE3FE /* Main.storyboard */ = {
			isa = PBXVariantGroup;
			children = (
				FF53FF31243C3E92007BE3FE /* Base */,
			);
			name = Main.storyboard;
			sourceTree = "<group>";
		};
		FF53FF35243C3E95007BE3FE /* LaunchScreen.storyboard */ = {
			isa = PBXVariantGroup;
			children = (
				FF53FF36243C3E95007BE3FE /* Base */,
			);
			name = LaunchScreen.storyboard;
			sourceTree = "<group>";
		};
/* End PBXVariantGroup section */

/* Begin XCBuildConfiguration section */
		FF53FF39243C3E95007BE3FE /* Debug */ = {
			isa = XCBuildConfiguration;
			buildSettings = {
				ALWAYS_SEARCH_USER_PATHS = NO;
				CLANG_ANALYZER_NONNULL = YES;
				CLANG_ANALYZER_NUMBER_OBJECT_CONVERSION = YES_AGGRESSIVE;
				CLANG_CXX_LANGUAGE_STANDARD = "gnu++14";
				CLANG_CXX_LIBRARY = "libc++";
				CLANG_ENABLE_MODULES = YES;
				CLANG_ENABLE_OBJC_ARC = YES;
				CLANG_ENABLE_OBJC_WEAK = YES;
				CLANG_WARN_BLOCK_CAPTURE_AUTORELEASING = YES;
				CLANG_WARN_BOOL_CONVERSION = YES;
				CLANG_WARN_COMMA = YES;
				CLANG_WARN_CONSTANT_CONVERSION = YES;
				CLANG_WARN_DEPRECATED_OBJC_IMPLEMENTATIONS = YES;
				CLANG_WARN_DIRECT_OBJC_ISA_USAGE = YES_ERROR;
				CLANG_WARN_DOCUMENTATION_COMMENTS = YES;
				CLANG_WARN_EMPTY_BODY = YES;
				CLANG_WARN_ENUM_CONVERSION = YES;
				CLANG_WARN_INFINITE_RECURSION = YES;
				CLANG_WARN_INT_CONVERSION = YES;
				CLANG_WARN_NON_LITERAL_NULL_CONVERSION = YES;
				CLANG_WARN_OBJC_IMPLICIT_RETAIN_SELF = YES;
				CLANG_WARN_OBJC_LITERAL_CONVERSION = YES;
				CLANG_WARN_OBJC_ROOT_CLASS = YES_ERROR;
				CLANG_WARN_RANGE_LOOP_ANALYSIS = YES;
				CLANG_WARN_STRICT_PROTOTYPES = YES;
				CLANG_WARN_SUSPICIOUS_MOVE = YES;
				CLANG_WARN_UNGUARDED_AVAILABILITY = YES_AGGRESSIVE;
				CLANG_WARN_UNREACHABLE_CODE = YES;
				CLANG_WARN__DUPLICATE_METHOD_MATCH = YES;
				COPY_PHASE_STRIP = NO;
				DEBUG_INFORMATION_FORMAT = dwarf;
				ENABLE_STRICT_OBJC_MSGSEND = YES;
				ENABLE_TESTABILITY = YES;
				GCC_C_LANGUAGE_STANDARD = gnu11;
				GCC_DYNAMIC_NO_PIC = NO;
				GCC_NO_COMMON_BLOCKS = YES;
				GCC_OPTIMIZATION_LEVEL = 0;
				GCC_PREPROCESSOR_DEFINITIONS = (
					"DEBUG=1",
					"$(inherited)",
				);
				GCC_WARN_64_TO_32_BIT_CONVERSION = YES;
				GCC_WARN_ABOUT_RETURN_TYPE = YES_ERROR;
				GCC_WARN_UNDECLARED_SELECTOR = YES;
				GCC_WARN_UNINITIALIZED_AUTOS = YES_AGGRESSIVE;
				GCC_WARN_UNUSED_FUNCTION = YES;
				GCC_WARN_UNUSED_VARIABLE = YES;
				IPHONEOS_DEPLOYMENT_TARGET = 13.2;
				MTL_ENABLE_DEBUG_INFO = INCLUDE_SOURCE;
				MTL_FAST_MATH = YES;
				ONLY_ACTIVE_ARCH = YES;
				SDKROOT = iphoneos;
				SWIFT_ACTIVE_COMPILATION_CONDITIONS = DEBUG;
				SWIFT_OPTIMIZATION_LEVEL = "-Onone";
			};
			name = Debug;
		};
		FF53FF3A243C3E95007BE3FE /* Release */ = {
			isa = XCBuildConfiguration;
			buildSettings = {
				ALWAYS_SEARCH_USER_PATHS = NO;
				CLANG_ANALYZER_NONNULL = YES;
				CLANG_ANALYZER_NUMBER_OBJECT_CONVERSION = YES_AGGRESSIVE;
				CLANG_CXX_LANGUAGE_STANDARD = "gnu++14";
				CLANG_CXX_LIBRARY = "libc++";
				CLANG_ENABLE_MODULES = YES;
				CLANG_ENABLE_OBJC_ARC = YES;
				CLANG_ENABLE_OBJC_WEAK = YES;
				CLANG_WARN_BLOCK_CAPTURE_AUTORELEASING = YES;
				CLANG_WARN_BOOL_CONVERSION = YES;
				CLANG_WARN_COMMA = YES;
				CLANG_WARN_CONSTANT_CONVERSION = YES;
				CLANG_WARN_DEPRECATED_OBJC_IMPLEMENTATIONS = YES;
				CLANG_WARN_DIRECT_OBJC_ISA_USAGE = YES_ERROR;
				CLANG_WARN_DOCUMENTATION_COMMENTS = YES;
				CLANG_WARN_EMPTY_BODY = YES;
				CLANG_WARN_ENUM_CONVERSION = YES;
				CLANG_WARN_INFINITE_RECURSION = YES;
				CLANG_WARN_INT_CONVERSION = YES;
				CLANG_WARN_NON_LITERAL_NULL_CONVERSION = YES;
				CLANG_WARN_OBJC_IMPLICIT_RETAIN_SELF = YES;
				CLANG_WARN_OBJC_LITERAL_CONVERSION = YES;
				CLANG_WARN_OBJC_ROOT_CLASS = YES_ERROR;
				CLANG_WARN_RANGE_LOOP_ANALYSIS = YES;
				CLANG_WARN_STRICT_PROTOTYPES = YES;
				CLANG_WARN_SUSPICIOUS_MOVE = YES;
				CLANG_WARN_UNGUARDED_AVAILABILITY = YES_AGGRESSIVE;
				CLANG_WARN_UNREACHABLE_CODE = YES;
				CLANG_WARN__DUPLICATE_METHOD_MATCH = YES;
				COPY_PHASE_STRIP = NO;
				DEBUG_INFORMATION_FORMAT = "dwarf-with-dsym";
				ENABLE_NS_ASSERTIONS = NO;
				ENABLE_STRICT_OBJC_MSGSEND = YES;
				GCC_C_LANGUAGE_STANDARD = gnu11;
				GCC_NO_COMMON_BLOCKS = YES;
				GCC_WARN_64_TO_32_BIT_CONVERSION = YES;
				GCC_WARN_ABOUT_RETURN_TYPE = YES_ERROR;
				GCC_WARN_UNDECLARED_SELECTOR = YES;
				GCC_WARN_UNINITIALIZED_AUTOS = YES_AGGRESSIVE;
				GCC_WARN_UNUSED_FUNCTION = YES;
				GCC_WARN_UNUSED_VARIABLE = YES;
				IPHONEOS_DEPLOYMENT_TARGET = 13.2;
				MTL_ENABLE_DEBUG_INFO = NO;
				MTL_FAST_MATH = YES;
				SDKROOT = iphoneos;
				SWIFT_COMPILATION_MODE = wholemodule;
				SWIFT_OPTIMIZATION_LEVEL = "-O";
				VALIDATE_PRODUCT = YES;
			};
			name = Release;
		};
		FF53FF3C243C3E95007BE3FE /* Debug */ = {
			isa = XCBuildConfiguration;
			buildSettings = {
				ASSETCATALOG_COMPILER_APPICON_NAME = AppIcon;
				CODE_SIGN_STYLE = Automatic;
				DEVELOPMENT_TEAM = ULMFX45DFV;
				INFOPLIST_FILE = "multiple-choice-quiz/Info.plist";
				LD_RUNPATH_SEARCH_PATHS = (
					"$(inherited)",
					"@executable_path/Frameworks",
				);
				PRODUCT_BUNDLE_IDENTIFIER = "com.johrobbins.multiple-choice-quiz";
				PRODUCT_NAME = "TV Quiz";
				SWIFT_VERSION = 5.0;
				TARGETED_DEVICE_FAMILY = "1,2";
			};
			name = Debug;
		};
		FF53FF3D243C3E95007BE3FE /* Release */ = {
			isa = XCBuildConfiguration;
			buildSettings = {
				ASSETCATALOG_COMPILER_APPICON_NAME = AppIcon;
				CODE_SIGN_STYLE = Automatic;
				DEVELOPMENT_TEAM = ULMFX45DFV;
				INFOPLIST_FILE = "multiple-choice-quiz/Info.plist";
				LD_RUNPATH_SEARCH_PATHS = (
					"$(inherited)",
					"@executable_path/Frameworks",
				);
				PRODUCT_BUNDLE_IDENTIFIER = "com.johrobbins.multiple-choice-quiz";
				PRODUCT_NAME = "TV Quiz";
				SWIFT_VERSION = 5.0;
				TARGETED_DEVICE_FAMILY = "1,2";
			};
			name = Release;
		};
/* End XCBuildConfiguration section */

/* Begin XCConfigurationList section */
		FF53FF22243C3E92007BE3FE /* Build configuration list for PBXProject "multiple-choice-quiz" */ = {
			isa = XCConfigurationList;
			buildConfigurations = (
				FF53FF39243C3E95007BE3FE /* Debug */,
				FF53FF3A243C3E95007BE3FE /* Release */,
			);
			defaultConfigurationIsVisible = 0;
			defaultConfigurationName = Release;
		};
		FF53FF3B243C3E95007BE3FE /* Build configuration list for PBXNativeTarget "multiple-choice-quiz" */ = {
			isa = XCConfigurationList;
			buildConfigurations = (
				FF53FF3C243C3E95007BE3FE /* Debug */,
				FF53FF3D243C3E95007BE3FE /* Release */,
			);
			defaultConfigurationIsVisible = 0;
			defaultConfigurationName = Release;
		};
/* End XCConfigurationList section */
	};
	rootObject = FF53FF1F243C3E92007BE3FE /* Project object */;
}
